// !$*UTF8*$!
{
	archiveVersion = 1;
	classes = {
	};
	objectVersion = 50;
	objects = {

/* Begin PBXBuildFile section */
		29541E40265CAF0800E62235 /* AppDelegate.swift in Sources */ = {isa = PBXBuildFile; fileRef = 29541E3F265CAF0800E62235 /* AppDelegate.swift */; };
		29541E44265CAF0800E62235 /* InputViewController.swift in Sources */ = {isa = PBXBuildFile; fileRef = 29541E43265CAF0800E62235 /* InputViewController.swift */; };
		29541E49265CAF0800E62235 /* Assets.xcassets in Resources */ = {isa = PBXBuildFile; fileRef = 29541E48265CAF0800E62235 /* Assets.xcassets */; };
		29541E4C265CAF0800E62235 /* LaunchScreen.storyboard in Resources */ = {isa = PBXBuildFile; fileRef = 29541E4A265CAF0800E62235 /* LaunchScreen.storyboard */; };
		29541E58265CB08C00E62235 /* SceneDelegate.swift in Sources */ = {isa = PBXBuildFile; fileRef = 29541E57265CB08C00E62235 /* SceneDelegate.swift */; };
		29541E5D265CB0E200E62235 /* ResultViewController.swift in Sources */ = {isa = PBXBuildFile; fileRef = 29541E5C265CB0E200E62235 /* ResultViewController.swift */; };
		29541E65265CE82700E62235 /* TableHeader.swift in Sources */ = {isa = PBXBuildFile; fileRef = 29541E64265CE82700E62235 /* TableHeader.swift */; };
		29541E68265CE87E00E62235 /* TableFooter.swift in Sources */ = {isa = PBXBuildFile; fileRef = 29541E67265CE87E00E62235 /* TableFooter.swift */; };
		29541E6D265CE98300E62235 /* MyTableViewCell.swift in Sources */ = {isa = PBXBuildFile; fileRef = 29541E6C265CE98300E62235 /* MyTableViewCell.swift */; };
		AB5C55A7B0FAEFCAF26E988D /* Pods_CardCounter.framework in Frameworks */ = {isa = PBXBuildFile; fileRef = 7C2B735860E3B5E1F3A351BF /* Pods_CardCounter.framework */; };
/* End PBXBuildFile section */

/* Begin PBXFileReference section */
		25D21ADC9A7C54541112AEBB /* Pods-CardCounter.release.xcconfig */ = {isa = PBXFileReference; includeInIndex = 1; lastKnownFileType = text.xcconfig; name = "Pods-CardCounter.release.xcconfig"; path = "Target Support Files/Pods-CardCounter/Pods-CardCounter.release.xcconfig"; sourceTree = "<group>"; };
		29541E3C265CAF0800E62235 /* CardCounter.app */ = {isa = PBXFileReference; explicitFileType = wrapper.application; includeInIndex = 0; path = CardCounter.app; sourceTree = BUILT_PRODUCTS_DIR; };
		29541E3F265CAF0800E62235 /* AppDelegate.swift */ = {isa = PBXFileReference; lastKnownFileType = sourcecode.swift; path = AppDelegate.swift; sourceTree = "<group>"; };
		29541E43265CAF0800E62235 /* InputViewController.swift */ = {isa = PBXFileReference; lastKnownFileType = sourcecode.swift; path = InputViewController.swift; sourceTree = "<group>"; };
		29541E48265CAF0800E62235 /* Assets.xcassets */ = {isa = PBXFileReference; lastKnownFileType = folder.assetcatalog; path = Assets.xcassets; sourceTree = "<group>"; };
		29541E4B265CAF0800E62235 /* Base */ = {isa = PBXFileReference; lastKnownFileType = file.storyboard; name = Base; path = Base.lproj/LaunchScreen.storyboard; sourceTree = "<group>"; };
		29541E4D265CAF0800E62235 /* Info.plist */ = {isa = PBXFileReference; lastKnownFileType = text.plist.xml; path = Info.plist; sourceTree = "<group>"; };
		29541E57265CB08C00E62235 /* SceneDelegate.swift */ = {isa = PBXFileReference; fileEncoding = 4; lastKnownFileType = sourcecode.swift; path = SceneDelegate.swift; sourceTree = "<group>"; };
		29541E5C265CB0E200E62235 /* ResultViewController.swift */ = {isa = PBXFileReference; lastKnownFileType = sourcecode.swift; path = ResultViewController.swift; sourceTree = "<group>"; };
		29541E64265CE82700E62235 /* TableHeader.swift */ = {isa = PBXFileReference; lastKnownFileType = sourcecode.swift; path = TableHeader.swift; sourceTree = "<group>"; };
		29541E67265CE87E00E62235 /* TableFooter.swift */ = {isa = PBXFileReference; lastKnownFileType = sourcecode.swift; path = TableFooter.swift; sourceTree = "<group>"; };
		29541E6C265CE98300E62235 /* MyTableViewCell.swift */ = {isa = PBXFileReference; lastKnownFileType = sourcecode.swift; path = MyTableViewCell.swift; sourceTree = "<group>"; };
		7C2B735860E3B5E1F3A351BF /* Pods_CardCounter.framework */ = {isa = PBXFileReference; explicitFileType = wrapper.framework; includeInIndex = 0; path = Pods_CardCounter.framework; sourceTree = BUILT_PRODUCTS_DIR; };
		C355FA43936D6B44E526DAAA /* Pods-CardCounter.debug.xcconfig */ = {isa = PBXFileReference; includeInIndex = 1; lastKnownFileType = text.xcconfig; name = "Pods-CardCounter.debug.xcconfig"; path = "Target Support Files/Pods-CardCounter/Pods-CardCounter.debug.xcconfig"; sourceTree = "<group>"; };
/* End PBXFileReference section */

/* Begin PBXFrameworksBuildPhase section */
		29541E39265CAF0800E62235 /* Frameworks */ = {
			isa = PBXFrameworksBuildPhase;
			buildActionMask = 2147483647;
			files = (
				AB5C55A7B0FAEFCAF26E988D /* Pods_CardCounter.framework in Frameworks */,
			);
			runOnlyForDeploymentPostprocessing = 0;
		};
/* End PBXFrameworksBuildPhase section */

/* Begin PBXGroup section */
		29541E33265CAF0800E62235 = {
			isa = PBXGroup;
			children = (
				29541E3E265CAF0800E62235 /* CardCounter */,
				29541E3D265CAF0800E62235 /* Products */,
				B186313A4C82C550D83ACF0B /* Pods */,
				90F96007E5D05005C0426719 /* Frameworks */,
			);
			sourceTree = "<group>";
		};
		29541E3D265CAF0800E62235 /* Products */ = {
			isa = PBXGroup;
			children = (
				29541E3C265CAF0800E62235 /* CardCounter.app */,
			);
			name = Products;
			sourceTree = "<group>";
		};
		29541E3E265CAF0800E62235 /* CardCounter */ = {
			isa = PBXGroup;
			children = (
				29541E3F265CAF0800E62235 /* AppDelegate.swift */,
				29541E57265CB08C00E62235 /* SceneDelegate.swift */,
				29541E43265CAF0800E62235 /* InputViewController.swift */,
				29541E5C265CB0E200E62235 /* ResultViewController.swift */,
				29541E6A265CE88600E62235 /* HeaderFooterCell */,
				29541E48265CAF0800E62235 /* Assets.xcassets */,
				29541E4A265CAF0800E62235 /* LaunchScreen.storyboard */,
				29541E4D265CAF0800E62235 /* Info.plist */,
			);
			path = CardCounter;
			sourceTree = "<group>";
		};
		29541E6A265CE88600E62235 /* HeaderFooterCell */ = {
			isa = PBXGroup;
			children = (
				29541E67265CE87E00E62235 /* TableFooter.swift */,
				29541E64265CE82700E62235 /* TableHeader.swift */,
				29541E6C265CE98300E62235 /* MyTableViewCell.swift */,
			);
			path = HeaderFooterCell;
			sourceTree = "<group>";
		};
		90F96007E5D05005C0426719 /* Frameworks */ = {
			isa = PBXGroup;
			children = (
				7C2B735860E3B5E1F3A351BF /* Pods_CardCounter.framework */,
			);
			name = Frameworks;
			sourceTree = "<group>";
		};
		B186313A4C82C550D83ACF0B /* Pods */ = {
			isa = PBXGroup;
			children = (
				C355FA43936D6B44E526DAAA /* Pods-CardCounter.debug.xcconfig */,
				25D21ADC9A7C54541112AEBB /* Pods-CardCounter.release.xcconfig */,
			);
			name = Pods;
			path = Pods;
			sourceTree = "<group>";
		};
/* End PBXGroup section */

/* Begin PBXNativeTarget section */
		29541E3B265CAF0800E62235 /* CardCounter */ = {
			isa = PBXNativeTarget;
			buildConfigurationList = 29541E50265CAF0800E62235 /* Build configuration list for PBXNativeTarget "CardCounter" */;
			buildPhases = (
				D4A20D36094A923D9107E666 /* [CP] Check Pods Manifest.lock */,
				29541E38265CAF0800E62235 /* Sources */,
				29541E39265CAF0800E62235 /* Frameworks */,
				29541E3A265CAF0800E62235 /* Resources */,
				181860F512AE7B856C9610C0 /* [CP] Embed Pods Frameworks */,
			);
			buildRules = (
			);
			dependencies = (
			);
			name = CardCounter;
			productName = CardCounter;
			productReference = 29541E3C265CAF0800E62235 /* CardCounter.app */;
			productType = "com.apple.product-type.application";
		};
/* End PBXNativeTarget section */

/* Begin PBXProject section */
		29541E34265CAF0800E62235 /* Project object */ = {
			isa = PBXProject;
			attributes = {
				LastSwiftUpdateCheck = 1240;
				LastUpgradeCheck = 1240;
				TargetAttributes = {
					29541E3B265CAF0800E62235 = {
						CreatedOnToolsVersion = 12.4;
					};
				};
			};
			buildConfigurationList = 29541E37265CAF0800E62235 /* Build configuration list for PBXProject "CardCounter" */;
			compatibilityVersion = "Xcode 9.3";
			developmentRegion = en;
			hasScannedForEncodings = 0;
			knownRegions = (
				en,
				Base,
			);
			mainGroup = 29541E33265CAF0800E62235;
			productRefGroup = 29541E3D265CAF0800E62235 /* Products */;
			projectDirPath = "";
			projectRoot = "";
			targets = (
				29541E3B265CAF0800E62235 /* CardCounter */,
			);
		};
/* End PBXProject section */

/* Begin PBXResourcesBuildPhase section */
		29541E3A265CAF0800E62235 /* Resources */ = {
			isa = PBXResourcesBuildPhase;
			buildActionMask = 2147483647;
			files = (
				29541E4C265CAF0800E62235 /* LaunchScreen.storyboard in Resources */,
				29541E49265CAF0800E62235 /* Assets.xcassets in Resources */,
			);
			runOnlyForDeploymentPostprocessing = 0;
		};
/* End PBXResourcesBuildPhase section */

/* Begin PBXShellScriptBuildPhase section */
		181860F512AE7B856C9610C0 /* [CP] Embed Pods Frameworks */ = {
			isa = PBXShellScriptBuildPhase;
			buildActionMask = 2147483647;
			files = (
			);
			inputFileListPaths = (
				"${PODS_ROOT}/Target Support Files/Pods-CardCounter/Pods-CardCounter-frameworks-${CONFIGURATION}-input-files.xcfilelist",
			);
			name = "[CP] Embed Pods Frameworks";
			outputFileListPaths = (
				"${PODS_ROOT}/Target Support Files/Pods-CardCounter/Pods-CardCounter-frameworks-${CONFIGURATION}-output-files.xcfilelist",
			);
			runOnlyForDeploymentPostprocessing = 0;
			shellPath = /bin/sh;
			shellScript = "\"${PODS_ROOT}/Target Support Files/Pods-CardCounter/Pods-CardCounter-frameworks.sh\"\n";
			showEnvVarsInLog = 0;
		};
		D4A20D36094A923D9107E666 /* [CP] Check Pods Manifest.lock */ = {
			isa = PBXShellScriptBuildPhase;
			buildActionMask = 2147483647;
			files = (
			);
			inputFileListPaths = (
			);
			inputPaths = (
				"${PODS_PODFILE_DIR_PATH}/Podfile.lock",
				"${PODS_ROOT}/Manifest.lock",
			);
			name = "[CP] Check Pods Manifest.lock";
			outputFileListPaths = (
			);
			outputPaths = (
				"$(DERIVED_FILE_DIR)/Pods-CardCounter-checkManifestLockResult.txt",
			);
			runOnlyForDeploymentPostprocessing = 0;
			shellPath = /bin/sh;
			shellScript = "diff \"${PODS_PODFILE_DIR_PATH}/Podfile.lock\" \"${PODS_ROOT}/Manifest.lock\" > /dev/null\nif [ $? != 0 ] ; then\n    # print error to STDERR\n    echo \"error: The sandbox is not in sync with the Podfile.lock. Run 'pod install' or update your CocoaPods installation.\" >&2\n    exit 1\nfi\n# This output is used by Xcode 'outputs' to avoid re-running this script phase.\necho \"SUCCESS\" > \"${SCRIPT_OUTPUT_FILE_0}\"\n";
			showEnvVarsInLog = 0;
		};
/* End PBXShellScriptBuildPhase section */

/* Begin PBXSourcesBuildPhase section */
		29541E38265CAF0800E62235 /* Sources */ = {
			isa = PBXSourcesBuildPhase;
			buildActionMask = 2147483647;
			files = (
				29541E6D265CE98300E62235 /* MyTableViewCell.swift in Sources */,
				29541E58265CB08C00E62235 /* SceneDelegate.swift in Sources */,
				29541E65265CE82700E62235 /* TableHeader.swift in Sources */,
				29541E44265CAF0800E62235 /* InputViewController.swift in Sources */,
				29541E68265CE87E00E62235 /* TableFooter.swift in Sources */,
				29541E40265CAF0800E62235 /* AppDelegate.swift in Sources */,
				29541E5D265CB0E200E62235 /* ResultViewController.swift in Sources */,
			);
			runOnlyForDeploymentPostprocessing = 0;
		};
/* End PBXSourcesBuildPhase section */

/* Begin PBXVariantGroup section */
		29541E4A265CAF0800E62235 /* LaunchScreen.storyboard */ = {
			isa = PBXVariantGroup;
			children = (
				29541E4B265CAF0800E62235 /* Base */,
			);
			name = LaunchScreen.storyboard;
			sourceTree = "<group>";
		};
/* End PBXVariantGroup section */

/* Begin XCBuildConfiguration section */
		29541E4E265CAF0800E62235 /* Debug */ = {
			isa = XCBuildConfiguration;
			buildSettings = {
				ALWAYS_SEARCH_USER_PATHS = NO;
				CLANG_ANALYZER_NONNULL = YES;
				CLANG_ANALYZER_NUMBER_OBJECT_CONVERSION = YES_AGGRESSIVE;
				CLANG_CXX_LANGUAGE_STANDARD = "gnu++14";
				CLANG_CXX_LIBRARY = "libc++";
				CLANG_ENABLE_MODULES = YES;
				CLANG_ENABLE_OBJC_ARC = YES;
				CLANG_ENABLE_OBJC_WEAK = YES;
				CLANG_WARN_BLOCK_CAPTURE_AUTORELEASING = YES;
				CLANG_WARN_BOOL_CONVERSION = YES;
				CLANG_WARN_COMMA = YES;
				CLANG_WARN_CONSTANT_CONVERSION = YES;
				CLANG_WARN_DEPRECATED_OBJC_IMPLEMENTATIONS = YES;
				CLANG_WARN_DIRECT_OBJC_ISA_USAGE = YES_ERROR;
				CLANG_WARN_DOCUMENTATION_COMMENTS = YES;
				CLANG_WARN_EMPTY_BODY = YES;
				CLANG_WARN_ENUM_CONVERSION = YES;
				CLANG_WARN_INFINITE_RECURSION = YES;
				CLANG_WARN_INT_CONVERSION = YES;
				CLANG_WARN_NON_LITERAL_NULL_CONVERSION = YES;
				CLANG_WARN_OBJC_IMPLICIT_RETAIN_SELF = YES;
				CLANG_WARN_OBJC_LITERAL_CONVERSION = YES;
				CLANG_WARN_OBJC_ROOT_CLASS = YES_ERROR;
				CLANG_WARN_QUOTED_INCLUDE_IN_FRAMEWORK_HEADER = YES;
				CLANG_WARN_RANGE_LOOP_ANALYSIS = YES;
				CLANG_WARN_STRICT_PROTOTYPES = YES;
				CLANG_WARN_SUSPICIOUS_MOVE = YES;
				CLANG_WARN_UNGUARDED_AVAILABILITY = YES_AGGRESSIVE;
				CLANG_WARN_UNREACHABLE_CODE = YES;
				CLANG_WARN__DUPLICATE_METHOD_MATCH = YES;
				COPY_PHASE_STRIP = NO;
				DEBUG_INFORMATION_FORMAT = dwarf;
				ENABLE_STRICT_OBJC_MSGSEND = YES;
				ENABLE_TESTABILITY = YES;
				GCC_C_LANGUAGE_STANDARD = gnu11;
				GCC_DYNAMIC_NO_PIC = NO;
				GCC_NO_COMMON_BLOCKS = YES;
				GCC_OPTIMIZATION_LEVEL = 0;
				GCC_PREPROCESSOR_DEFINITIONS = (
					"DEBUG=1",
					"$(inherited)",
				);
				GCC_WARN_64_TO_32_BIT_CONVERSION = YES;
				GCC_WARN_ABOUT_RETURN_TYPE = YES_ERROR;
				GCC_WARN_UNDECLARED_SELECTOR = YES;
				GCC_WARN_UNINITIALIZED_AUTOS = YES_AGGRESSIVE;
				GCC_WARN_UNUSED_FUNCTION = YES;
				GCC_WARN_UNUSED_VARIABLE = YES;
				IPHONEOS_DEPLOYMENT_TARGET = 14.4;
				MTL_ENABLE_DEBUG_INFO = INCLUDE_SOURCE;
				MTL_FAST_MATH = YES;
				ONLY_ACTIVE_ARCH = YES;
				SDKROOT = iphoneos;
				SWIFT_ACTIVE_COMPILATION_CONDITIONS = DEBUG;
				SWIFT_OPTIMIZATION_LEVEL = "-Onone";
			};
			name = Debug;
		};
		29541E4F265CAF0800E62235 /* Release */ = {
			isa = XCBuildConfiguration;
			buildSettings = {
				ALWAYS_SEARCH_USER_PATHS = NO;
				CLANG_ANALYZER_NONNULL = YES;
				CLANG_ANALYZER_NUMBER_OBJECT_CONVERSION = YES_AGGRESSIVE;
				CLANG_CXX_LANGUAGE_STANDARD = "gnu++14";
				CLANG_CXX_LIBRARY = "libc++";
				CLANG_ENABLE_MODULES = YES;
				CLANG_ENABLE_OBJC_ARC = YES;
				CLANG_ENABLE_OBJC_WEAK = YES;
				CLANG_WARN_BLOCK_CAPTURE_AUTORELEASING = YES;
				CLANG_WARN_BOOL_CONVERSION = YES;
				CLANG_WARN_COMMA = YES;
				CLANG_WARN_CONSTANT_CONVERSION = YES;
				CLANG_WARN_DEPRECATED_OBJC_IMPLEMENTATIONS = YES;
				CLANG_WARN_DIRECT_OBJC_ISA_USAGE = YES_ERROR;
				CLANG_WARN_DOCUMENTATION_COMMENTS = YES;
				CLANG_WARN_EMPTY_BODY = YES;
				CLANG_WARN_ENUM_CONVERSION = YES;
				CLANG_WARN_INFINITE_RECURSION = YES;
				CLANG_WARN_INT_CONVERSION = YES;
				CLANG_WARN_NON_LITERAL_NULL_CONVERSION = YES;
				CLANG_WARN_OBJC_IMPLICIT_RETAIN_SELF = YES;
				CLANG_WARN_OBJC_LITERAL_CONVERSION = YES;
				CLANG_WARN_OBJC_ROOT_CLASS = YES_ERROR;
				CLANG_WARN_QUOTED_INCLUDE_IN_FRAMEWORK_HEADER = YES;
				CLANG_WARN_RANGE_LOOP_ANALYSIS = YES;
				CLANG_WARN_STRICT_PROTOTYPES = YES;
				CLANG_WARN_SUSPICIOUS_MOVE = YES;
				CLANG_WARN_UNGUARDED_AVAILABILITY = YES_AGGRESSIVE;
				CLANG_WARN_UNREACHABLE_CODE = YES;
				CLANG_WARN__DUPLICATE_METHOD_MATCH = YES;
				COPY_PHASE_STRIP = NO;
				DEBUG_INFORMATION_FORMAT = "dwarf-with-dsym";
				ENABLE_NS_ASSERTIONS = NO;
				ENABLE_STRICT_OBJC_MSGSEND = YES;
				GCC_C_LANGUAGE_STANDARD = gnu11;
				GCC_NO_COMMON_BLOCKS = YES;
				GCC_WARN_64_TO_32_BIT_CONVERSION = YES;
				GCC_WARN_ABOUT_RETURN_TYPE = YES_ERROR;
				GCC_WARN_UNDECLARED_SELECTOR = YES;
				GCC_WARN_UNINITIALIZED_AUTOS = YES_AGGRESSIVE;
				GCC_WARN_UNUSED_FUNCTION = YES;
				GCC_WARN_UNUSED_VARIABLE = YES;
				IPHONEOS_DEPLOYMENT_TARGET = 14.4;
				MTL_ENABLE_DEBUG_INFO = NO;
				MTL_FAST_MATH = YES;
				SDKROOT = iphoneos;
				SWIFT_COMPILATION_MODE = wholemodule;
				SWIFT_OPTIMIZATION_LEVEL = "-O";
				VALIDATE_PRODUCT = YES;
			};
			name = Release;
		};
		29541E51265CAF0800E62235 /* Debug */ = {
			isa = XCBuildConfiguration;
			baseConfigurationReference = C355FA43936D6B44E526DAAA /* Pods-CardCounter.debug.xcconfig */;
			buildSettings = {
				ASSETCATALOG_COMPILER_APPICON_NAME = AppIcon;
				ASSETCATALOG_COMPILER_GLOBAL_ACCENT_COLOR_NAME = AccentColor;
				CODE_SIGN_STYLE = Automatic;
				DEVELOPMENT_TEAM = P9YJWUFM96;
				INFOPLIST_FILE = CardCounter/Info.plist;
				IPHONEOS_DEPLOYMENT_TARGET = 14.1;
				LD_RUNPATH_SEARCH_PATHS = (
					"$(inherited)",
					"@executable_path/Frameworks",
				);
				PRODUCT_BUNDLE_IDENTIFIER = co.syimyk.CardCounter;
				PRODUCT_NAME = "$(TARGET_NAME)";
				SWIFT_VERSION = 5.0;
				TARGETED_DEVICE_FAMILY = "1,2";
			};
			name = Debug;
		};
		29541E52265CAF0800E62235 /* Release */ = {
			isa = XCBuildConfiguration;
			baseConfigurationReference = 25D21ADC9A7C54541112AEBB /* Pods-CardCounter.release.xcconfig */;
			buildSettings = {
				ASSETCATALOG_COMPILER_APPICON_NAME = AppIcon;
				ASSETCATALOG_COMPILER_GLOBAL_ACCENT_COLOR_NAME = AccentColor;
				CODE_SIGN_STYLE = Automatic;
				DEVELOPMENT_TEAM = P9YJWUFM96;
				INFOPLIST_FILE = CardCounter/Info.plist;
				IPHONEOS_DEPLOYMENT_TARGET = 14.1;
				LD_RUNPATH_SEARCH_PATHS = (
					"$(inherited)",
					"@executable_path/Frameworks",
				);
				PRODUCT_BUNDLE_IDENTIFIER = co.syimyk.CardCounter;
				PRODUCT_NAME = "$(TARGET_NAME)";
				SWIFT_VERSION = 5.0;
				TARGETED_DEVICE_FAMILY = "1,2";
			};
			name = Release;
		};
/* End XCBuildConfiguration section */

/* Begin XCConfigurationList section */
		29541E37265CAF0800E62235 /* Build configuration list for PBXProject "CardCounter" */ = {
			isa = XCConfigurationList;
			buildConfigurations = (
				29541E4E265CAF0800E62235 /* Debug */,
				29541E4F265CAF0800E62235 /* Release */,
			);
			defaultConfigurationIsVisible = 0;
			defaultConfigurationName = Release;
		};
		29541E50265CAF0800E62235 /* Build configuration list for PBXNativeTarget "CardCounter" */ = {
			isa = XCConfigurationList;
			buildConfigurations = (
				29541E51265CAF0800E62235 /* Debug */,
				29541E52265CAF0800E62235 /* Release */,
			);
			defaultConfigurationIsVisible = 0;
			defaultConfigurationName = Release;
		};
/* End XCConfigurationList section */
	};
	rootObject = 29541E34265CAF0800E62235 /* Project object */;
}
